
Microsoft Visual Studio Solution File, Format Version 12.00
# Visual Studio 15
VisualStudioVersion = 15.0.28307.106
MinimumVisualStudioVersion = 10.0.40219.1
Project("{9A19103F-16F7-4668-BE54-9A1E7A4F7556}") = "EmployeeManagement", "EmployeeManagement\EmployeeManagement.csproj", "{D13C85D9-EE86-4E15-8AC8-681DC9CC94BD}"
EndProject
Project("{FAE04EC0-301F-11D3-BF4B-00C04F79EFBC}") = "EmployeeManagementTest", "EmployeeManagementTest\EmployeeManagementTest.csproj", "{D3749959-9D6F-404B-B3C1-6F2165319B53}"
EndProject
Global
	GlobalSection(SolutionConfigurationPlatforms) = preSolution
		Debug|Any CPU = Debug|Any CPU
		Release|Any CPU = Release|Any CPU
	EndGlobalSection
	GlobalSection(ProjectConfigurationPlatforms) = postSolution
		{D13C85D9-EE86-4E15-8AC8-681DC9CC94BD}.Debug|Any CPU.ActiveCfg = Debug|Any CPU
		{D13C85D9-EE86-4E15-8AC8-681DC9CC94BD}.Debug|Any CPU.Build.0 = Debug|Any CPU
		{D13C85D9-EE86-4E15-8AC8-681DC9CC94BD}.Release|Any CPU.ActiveCfg = Release|Any CPU
		{D13C85D9-EE86-4E15-8AC8-681DC9CC94BD}.Release|Any CPU.Build.0 = Release|Any CPU
		{D3749959-9D6F-404B-B3C1-6F2165319B53}.Debug|Any CPU.ActiveCfg = Debug|Any CPU
		{D3749959-9D6F-404B-B3C1-6F2165319B53}.Debug|Any CPU.Build.0 = Debug|Any CPU
		{D3749959-9D6F-404B-B3C1-6F2165319B53}.Release|Any CPU.ActiveCfg = Release|Any CPU
		{D3749959-9D6F-404B-B3C1-6F2165319B53}.Release|Any CPU.Build.0 = Release|Any CPU
	EndGlobalSection
	GlobalSection(SolutionProperties) = preSolution
		HideSolutionNode = FALSE
	EndGlobalSection
	GlobalSection(ExtensibilityGlobals) = postSolution
		SolutionGuid = {C7FA431B-A772-42B6-BFB3-446445B50376}
	EndGlobalSection
EndGlobal
